// !$*UTF8*$!
{
	archiveVersion = 1;
	classes = {
	};
	objectVersion = 46;
	objects = {

/* Begin PBXBuildFile section */
		3B5C85808E022263395885FC /* libPods.a in Frameworks */ = {isa = PBXBuildFile; fileRef = 0BF226789F1D9710346122BB /* libPods.a */; };
		3E3C7D591A93BCA70099FCCB /* AppDelegate.swift in Sources */ = {isa = PBXBuildFile; fileRef = 3E3C7D581A93BCA70099FCCB /* AppDelegate.swift */; };
		3E3C7D5B1A93BCA70099FCCB /* ViewController.swift in Sources */ = {isa = PBXBuildFile; fileRef = 3E3C7D5A1A93BCA70099FCCB /* ViewController.swift */; };
		3E3C7D5E1A93BCA70099FCCB /* Main.storyboard in Resources */ = {isa = PBXBuildFile; fileRef = 3E3C7D5C1A93BCA70099FCCB /* Main.storyboard */; };
		3E3C7D601A93BCA70099FCCB /* Images.xcassets in Resources */ = {isa = PBXBuildFile; fileRef = 3E3C7D5F1A93BCA70099FCCB /* Images.xcassets */; };
		3E3C7D631A93BCA70099FCCB /* LaunchScreen.xib in Resources */ = {isa = PBXBuildFile; fileRef = 3E3C7D611A93BCA70099FCCB /* LaunchScreen.xib */; };
		3E3C7D6F1A93BCA70099FCCB /* Twitter_AppTests.swift in Sources */ = {isa = PBXBuildFile; fileRef = 3E3C7D6E1A93BCA70099FCCB /* Twitter_AppTests.swift */; };
		3E3C7D7A1A9513CF0099FCCB /* dummy.m in Sources */ = {isa = PBXBuildFile; fileRef = 3E3C7D791A9513CF0099FCCB /* dummy.m */; };
		3E3C7D7D1A9515270099FCCB /* TwitterClient.swift in Sources */ = {isa = PBXBuildFile; fileRef = 3E3C7D7C1A9515270099FCCB /* TwitterClient.swift */; };
		3E3C7D801A965FB90099FCCB /* User.swift in Sources */ = {isa = PBXBuildFile; fileRef = 3E3C7D7F1A965FB90099FCCB /* User.swift */; };
		3E3C7D821A965FC90099FCCB /* Tweet.swift in Sources */ = {isa = PBXBuildFile; fileRef = 3E3C7D811A965FC90099FCCB /* Tweet.swift */; };
		3E42F96E1A96B01B00740C90 /* Timeline.storyboard in Resources */ = {isa = PBXBuildFile; fileRef = 3E42F96D1A96B01B00740C90 /* Timeline.storyboard */; };
		3E5242611A9A92B90038BCF5 /* retweet_on.png in Resources */ = {isa = PBXBuildFile; fileRef = 3E52425A1A9A92B90038BCF5 /* retweet_on.png */; };
		3E5242621A9A92B90038BCF5 /* retweet.png in Resources */ = {isa = PBXBuildFile; fileRef = 3E52425B1A9A92B90038BCF5 /* retweet.png */; };
		3E5242631A9A92B90038BCF5 /* reply_hover.png in Resources */ = {isa = PBXBuildFile; fileRef = 3E52425C1A9A92B90038BCF5 /* reply_hover.png */; };
		3E5242641A9A92B90038BCF5 /* reply.png in Resources */ = {isa = PBXBuildFile; fileRef = 3E52425D1A9A92B90038BCF5 /* reply.png */; };
		3E5242651A9A92B90038BCF5 /* favorite_on.png in Resources */ = {isa = PBXBuildFile; fileRef = 3E52425E1A9A92B90038BCF5 /* favorite_on.png */; };
		3E5242661A9A92B90038BCF5 /* favorite_hover.png in Resources */ = {isa = PBXBuildFile; fileRef = 3E52425F1A9A92B90038BCF5 /* favorite_hover.png */; };
		3E5242671A9A92B90038BCF5 /* favorite.png in Resources */ = {isa = PBXBuildFile; fileRef = 3E5242601A9A92B90038BCF5 /* favorite.png */; };
		3E5242691A9A92C70038BCF5 /* retweet_hover.png in Resources */ = {isa = PBXBuildFile; fileRef = 3E5242681A9A92C70038BCF5 /* retweet_hover.png */; };
		3E52426B1A9AC8FF0038BCF5 /* Compose.storyboard in Resources */ = {isa = PBXBuildFile; fileRef = 3E52426A1A9AC8FF0038BCF5 /* Compose.storyboard */; };
		3E52426D1A9ACB5D0038BCF5 /* ComposerViewController.swift in Sources */ = {isa = PBXBuildFile; fileRef = 3E52426C1A9ACB5D0038BCF5 /* ComposerViewController.swift */; };
		3E8E5E111A97F7D500FD9E49 /* TimelineViewController.swift in Sources */ = {isa = PBXBuildFile; fileRef = 3E8E5E101A97F7D500FD9E49 /* TimelineViewController.swift */; };
		3E8E5E161A983A0B00FD9E49 /* TweetCell.swift in Sources */ = {isa = PBXBuildFile; fileRef = 3E8E5E151A983A0B00FD9E49 /* TweetCell.swift */; };
		3E8E5E181A98472900FD9E49 /* GlobalConstants.swift in Sources */ = {isa = PBXBuildFile; fileRef = 3E8E5E171A98472900FD9E49 /* GlobalConstants.swift */; };
/* End PBXBuildFile section */

/* Begin PBXContainerItemProxy section */
		3E3C7D691A93BCA70099FCCB /* PBXContainerItemProxy */ = {
			isa = PBXContainerItemProxy;
			containerPortal = 3E3C7D4B1A93BCA70099FCCB /* Project object */;
			proxyType = 1;
			remoteGlobalIDString = 3E3C7D521A93BCA70099FCCB;
			remoteInfo = "Twitter-App";
		};
/* End PBXContainerItemProxy section */

/* Begin PBXFileReference section */
		0777868D1CDC03E9A2953938 /* Pods.debug.xcconfig */ = {isa = PBXFileReference; includeInIndex = 1; lastKnownFileType = text.xcconfig; name = Pods.debug.xcconfig; path = "Pods/Target Support Files/Pods/Pods.debug.xcconfig"; sourceTree = "<group>"; };
		0BF226789F1D9710346122BB /* libPods.a */ = {isa = PBXFileReference; explicitFileType = archive.ar; includeInIndex = 0; path = libPods.a; sourceTree = BUILT_PRODUCTS_DIR; };
		3E3C7D531A93BCA70099FCCB /* Twitter-App.app */ = {isa = PBXFileReference; explicitFileType = wrapper.application; includeInIndex = 0; path = "Twitter-App.app"; sourceTree = BUILT_PRODUCTS_DIR; };
		3E3C7D571A93BCA70099FCCB /* Info.plist */ = {isa = PBXFileReference; lastKnownFileType = text.plist.xml; path = Info.plist; sourceTree = "<group>"; };
		3E3C7D581A93BCA70099FCCB /* AppDelegate.swift */ = {isa = PBXFileReference; lastKnownFileType = sourcecode.swift; path = AppDelegate.swift; sourceTree = "<group>"; };
		3E3C7D5A1A93BCA70099FCCB /* ViewController.swift */ = {isa = PBXFileReference; lastKnownFileType = sourcecode.swift; path = ViewController.swift; sourceTree = "<group>"; };
		3E3C7D5D1A93BCA70099FCCB /* Base */ = {isa = PBXFileReference; lastKnownFileType = file.storyboard; name = Base; path = Base.lproj/Main.storyboard; sourceTree = "<group>"; };
		3E3C7D5F1A93BCA70099FCCB /* Images.xcassets */ = {isa = PBXFileReference; lastKnownFileType = folder.assetcatalog; path = Images.xcassets; sourceTree = "<group>"; };
		3E3C7D621A93BCA70099FCCB /* Base */ = {isa = PBXFileReference; lastKnownFileType = file.xib; name = Base; path = Base.lproj/LaunchScreen.xib; sourceTree = "<group>"; };
		3E3C7D681A93BCA70099FCCB /* Twitter-AppTests.xctest */ = {isa = PBXFileReference; explicitFileType = wrapper.cfbundle; includeInIndex = 0; path = "Twitter-AppTests.xctest"; sourceTree = BUILT_PRODUCTS_DIR; };
		3E3C7D6D1A93BCA70099FCCB /* Info.plist */ = {isa = PBXFileReference; lastKnownFileType = text.plist.xml; path = Info.plist; sourceTree = "<group>"; };
		3E3C7D6E1A93BCA70099FCCB /* Twitter_AppTests.swift */ = {isa = PBXFileReference; lastKnownFileType = sourcecode.swift; path = Twitter_AppTests.swift; sourceTree = "<group>"; };
		3E3C7D781A9513CF0099FCCB /* Twitter-App-Bridging-Header.h */ = {isa = PBXFileReference; lastKnownFileType = sourcecode.c.h; path = "Twitter-App-Bridging-Header.h"; sourceTree = "<group>"; };
		3E3C7D791A9513CF0099FCCB /* dummy.m */ = {isa = PBXFileReference; fileEncoding = 4; lastKnownFileType = sourcecode.c.objc; path = dummy.m; sourceTree = "<group>"; };
		3E3C7D7C1A9515270099FCCB /* TwitterClient.swift */ = {isa = PBXFileReference; fileEncoding = 4; lastKnownFileType = sourcecode.swift; path = TwitterClient.swift; sourceTree = "<group>"; };
		3E3C7D7F1A965FB90099FCCB /* User.swift */ = {isa = PBXFileReference; fileEncoding = 4; lastKnownFileType = sourcecode.swift; path = User.swift; sourceTree = "<group>"; };
		3E3C7D811A965FC90099FCCB /* Tweet.swift */ = {isa = PBXFileReference; fileEncoding = 4; lastKnownFileType = sourcecode.swift; path = Tweet.swift; sourceTree = "<group>"; };
		3E42F96D1A96B01B00740C90 /* Timeline.storyboard */ = {isa = PBXFileReference; fileEncoding = 4; lastKnownFileType = file.storyboard; path = Timeline.storyboard; sourceTree = "<group>"; };
		3E42F9721A97C8AB00740C90 /* RachelConfig.xcconfig */ = {isa = PBXFileReference; lastKnownFileType = text.xcconfig; path = RachelConfig.xcconfig; sourceTree = "<group>"; };
		3E52425A1A9A92B90038BCF5 /* retweet_on.png */ = {isa = PBXFileReference; lastKnownFileType = image.png; name = retweet_on.png; path = Images.xcassets/retweet_on.png; sourceTree = "<group>"; };
		3E52425B1A9A92B90038BCF5 /* retweet.png */ = {isa = PBXFileReference; lastKnownFileType = image.png; name = retweet.png; path = Images.xcassets/retweet.png; sourceTree = "<group>"; };
		3E52425C1A9A92B90038BCF5 /* reply_hover.png */ = {isa = PBXFileReference; lastKnownFileType = image.png; name = reply_hover.png; path = Images.xcassets/reply_hover.png; sourceTree = "<group>"; };
		3E52425D1A9A92B90038BCF5 /* reply.png */ = {isa = PBXFileReference; lastKnownFileType = image.png; name = reply.png; path = Images.xcassets/reply.png; sourceTree = "<group>"; };
		3E52425E1A9A92B90038BCF5 /* favorite_on.png */ = {isa = PBXFileReference; lastKnownFileType = image.png; name = favorite_on.png; path = Images.xcassets/favorite_on.png; sourceTree = "<group>"; };
		3E52425F1A9A92B90038BCF5 /* favorite_hover.png */ = {isa = PBXFileReference; lastKnownFileType = image.png; name = favorite_hover.png; path = Images.xcassets/favorite_hover.png; sourceTree = "<group>"; };
		3E5242601A9A92B90038BCF5 /* favorite.png */ = {isa = PBXFileReference; lastKnownFileType = image.png; name = favorite.png; path = Images.xcassets/favorite.png; sourceTree = "<group>"; };
		3E5242681A9A92C70038BCF5 /* retweet_hover.png */ = {isa = PBXFileReference; lastKnownFileType = image.png; name = retweet_hover.png; path = Images.xcassets/retweet_hover.png; sourceTree = "<group>"; };
		3E52426A1A9AC8FF0038BCF5 /* Compose.storyboard */ = {isa = PBXFileReference; fileEncoding = 4; lastKnownFileType = file.storyboard; path = Compose.storyboard; sourceTree = "<group>"; };
		3E52426C1A9ACB5D0038BCF5 /* ComposerViewController.swift */ = {isa = PBXFileReference; fileEncoding = 4; lastKnownFileType = sourcecode.swift; path = ComposerViewController.swift; sourceTree = "<group>"; };
		3E8E5E101A97F7D500FD9E49 /* TimelineViewController.swift */ = {isa = PBXFileReference; fileEncoding = 4; lastKnownFileType = sourcecode.swift; path = TimelineViewController.swift; sourceTree = "<group>"; };
		3E8E5E151A983A0B00FD9E49 /* TweetCell.swift */ = {isa = PBXFileReference; fileEncoding = 4; lastKnownFileType = sourcecode.swift; path = TweetCell.swift; sourceTree = "<group>"; };
		3E8E5E171A98472900FD9E49 /* GlobalConstants.swift */ = {isa = PBXFileReference; fileEncoding = 4; lastKnownFileType = sourcecode.swift; path = GlobalConstants.swift; sourceTree = "<group>"; };
		E3CA66A457163894CB7FE563 /* Pods.release.xcconfig */ = {isa = PBXFileReference; includeInIndex = 1; lastKnownFileType = text.xcconfig; name = Pods.release.xcconfig; path = "Pods/Target Support Files/Pods/Pods.release.xcconfig"; sourceTree = "<group>"; };
/* End PBXFileReference section */

/* Begin PBXFrameworksBuildPhase section */
		3E3C7D501A93BCA70099FCCB /* Frameworks */ = {
			isa = PBXFrameworksBuildPhase;
			buildActionMask = 2147483647;
			files = (
				3B5C85808E022263395885FC /* libPods.a in Frameworks */,
			);
			runOnlyForDeploymentPostprocessing = 0;
		};
		3E3C7D651A93BCA70099FCCB /* Frameworks */ = {
			isa = PBXFrameworksBuildPhase;
			buildActionMask = 2147483647;
			files = (
			);
			runOnlyForDeploymentPostprocessing = 0;
		};
/* End PBXFrameworksBuildPhase section */

/* Begin PBXGroup section */
		3E3C7D4A1A93BCA70099FCCB = {
			isa = PBXGroup;
			children = (
				3E3C7D551A93BCA70099FCCB /* Twitter-App */,
				3E3C7D6B1A93BCA70099FCCB /* Twitter-AppTests */,
				3E3C7D541A93BCA70099FCCB /* Products */,
				99945E422E1DE2C8101E96FA /* Pods */,
				EEE3FF5D2AFF400916C8B6D5 /* Frameworks */,
			);
			sourceTree = "<group>";
		};
		3E3C7D541A93BCA70099FCCB /* Products */ = {
			isa = PBXGroup;
			children = (
				3E3C7D531A93BCA70099FCCB /* Twitter-App.app */,
				3E3C7D681A93BCA70099FCCB /* Twitter-AppTests.xctest */,
			);
			name = Products;
			sourceTree = "<group>";
		};
		3E3C7D551A93BCA70099FCCB /* Twitter-App */ = {
			isa = PBXGroup;
			children = (
				3E8E5E141A9839E200FD9E49 /* Cells */,
				3E8E5E131A97F7FA00FD9E49 /* Storyboards */,
				3E8E5E121A97F7DD00FD9E49 /* ViewControllers */,
				3E42F9711A97C89800740C90 /* Config */,
				3E3C7D7E1A965F910099FCCB /* Models */,
				3E3C7D7B1A9514870099FCCB /* API */,
				3E3C7D581A93BCA70099FCCB /* AppDelegate.swift */,
				3E3C7D5F1A93BCA70099FCCB /* Images.xcassets */,
				3E3C7D611A93BCA70099FCCB /* LaunchScreen.xib */,
				3E3C7D561A93BCA70099FCCB /* Supporting Files */,
				3E3C7D791A9513CF0099FCCB /* dummy.m */,
				3E3C7D781A9513CF0099FCCB /* Twitter-App-Bridging-Header.h */,
			);
			path = "Twitter-App";
			sourceTree = "<group>";
		};
		3E3C7D561A93BCA70099FCCB /* Supporting Files */ = {
			isa = PBXGroup;
			children = (
				3E5242681A9A92C70038BCF5 /* retweet_hover.png */,
				3E52425A1A9A92B90038BCF5 /* retweet_on.png */,
				3E52425B1A9A92B90038BCF5 /* retweet.png */,
				3E52425C1A9A92B90038BCF5 /* reply_hover.png */,
				3E52425D1A9A92B90038BCF5 /* reply.png */,
				3E52425E1A9A92B90038BCF5 /* favorite_on.png */,
				3E52425F1A9A92B90038BCF5 /* favorite_hover.png */,
				3E5242601A9A92B90038BCF5 /* favorite.png */,
				3E3C7D571A93BCA70099FCCB /* Info.plist */,
			);
			name = "Supporting Files";
			sourceTree = "<group>";
		};
		3E3C7D6B1A93BCA70099FCCB /* Twitter-AppTests */ = {
			isa = PBXGroup;
			children = (
				3E3C7D6E1A93BCA70099FCCB /* Twitter_AppTests.swift */,
				3E3C7D6C1A93BCA70099FCCB /* Supporting Files */,
			);
			path = "Twitter-AppTests";
			sourceTree = "<group>";
		};
		3E3C7D6C1A93BCA70099FCCB /* Supporting Files */ = {
			isa = PBXGroup;
			children = (
				3E3C7D6D1A93BCA70099FCCB /* Info.plist */,
			);
			name = "Supporting Files";
			sourceTree = "<group>";
		};
		3E3C7D7B1A9514870099FCCB /* API */ = {
			isa = PBXGroup;
			children = (
				3E3C7D7C1A9515270099FCCB /* TwitterClient.swift */,
			);
			name = API;
			sourceTree = "<group>";
		};
		3E3C7D7E1A965F910099FCCB /* Models */ = {
			isa = PBXGroup;
			children = (
				3E3C7D7F1A965FB90099FCCB /* User.swift */,
				3E3C7D811A965FC90099FCCB /* Tweet.swift */,
			);
			name = Models;
			sourceTree = "<group>";
		};
		3E42F9711A97C89800740C90 /* Config */ = {
			isa = PBXGroup;
			children = (
				3E42F9721A97C8AB00740C90 /* RachelConfig.xcconfig */,
				3E8E5E171A98472900FD9E49 /* GlobalConstants.swift */,
			);
			name = Config;
			path = ..;
			sourceTree = "<group>";
		};
		3E8E5E121A97F7DD00FD9E49 /* ViewControllers */ = {
			isa = PBXGroup;
			children = (
				3E3C7D5A1A93BCA70099FCCB /* ViewController.swift */,
				3E8E5E101A97F7D500FD9E49 /* TimelineViewController.swift */,
				3E52426C1A9ACB5D0038BCF5 /* ComposerViewController.swift */,
			);
			name = ViewControllers;
			sourceTree = "<group>";
		};
		3E8E5E131A97F7FA00FD9E49 /* Storyboards */ = {
			isa = PBXGroup;
			children = (
				3E42F96D1A96B01B00740C90 /* Timeline.storyboard */,
				3E3C7D5C1A93BCA70099FCCB /* Main.storyboard */,
				3E52426A1A9AC8FF0038BCF5 /* Compose.storyboard */,
			);
			name = Storyboards;
			sourceTree = "<group>";
		};
		3E8E5E141A9839E200FD9E49 /* Cells */ = {
			isa = PBXGroup;
			children = (
				3E8E5E151A983A0B00FD9E49 /* TweetCell.swift */,
			);
			name = Cells;
			sourceTree = "<group>";
		};
		99945E422E1DE2C8101E96FA /* Pods */ = {
			isa = PBXGroup;
			children = (
				0777868D1CDC03E9A2953938 /* Pods.debug.xcconfig */,
				E3CA66A457163894CB7FE563 /* Pods.release.xcconfig */,
			);
			name = Pods;
			sourceTree = "<group>";
		};
		EEE3FF5D2AFF400916C8B6D5 /* Frameworks */ = {
			isa = PBXGroup;
			children = (
				0BF226789F1D9710346122BB /* libPods.a */,
			);
			name = Frameworks;
			sourceTree = "<group>";
		};
/* End PBXGroup section */

/* Begin PBXNativeTarget section */
		3E3C7D521A93BCA70099FCCB /* Twitter-App */ = {
			isa = PBXNativeTarget;
			buildConfigurationList = 3E3C7D721A93BCA70099FCCB /* Build configuration list for PBXNativeTarget "Twitter-App" */;
			buildPhases = (
				00418B85C60DAC1C9AC6F805 /* Check Pods Manifest.lock */,
				3E3C7D4F1A93BCA70099FCCB /* Sources */,
				3E3C7D501A93BCA70099FCCB /* Frameworks */,
				3E3C7D511A93BCA70099FCCB /* Resources */,
				6DEED1FC29B38645430411A7 /* Copy Pods Resources */,
			);
			buildRules = (
			);
			dependencies = (
			);
			name = "Twitter-App";
			productName = "Twitter-App";
			productReference = 3E3C7D531A93BCA70099FCCB /* Twitter-App.app */;
			productType = "com.apple.product-type.application";
		};
		3E3C7D671A93BCA70099FCCB /* Twitter-AppTests */ = {
			isa = PBXNativeTarget;
			buildConfigurationList = 3E3C7D751A93BCA70099FCCB /* Build configuration list for PBXNativeTarget "Twitter-AppTests" */;
			buildPhases = (
				3E3C7D641A93BCA70099FCCB /* Sources */,
				3E3C7D651A93BCA70099FCCB /* Frameworks */,
				3E3C7D661A93BCA70099FCCB /* Resources */,
			);
			buildRules = (
			);
			dependencies = (
				3E3C7D6A1A93BCA70099FCCB /* PBXTargetDependency */,
			);
			name = "Twitter-AppTests";
			productName = "Twitter-AppTests";
			productReference = 3E3C7D681A93BCA70099FCCB /* Twitter-AppTests.xctest */;
			productType = "com.apple.product-type.bundle.unit-test";
		};
/* End PBXNativeTarget section */

/* Begin PBXProject section */
		3E3C7D4B1A93BCA70099FCCB /* Project object */ = {
			isa = PBXProject;
			attributes = {
				LastUpgradeCheck = 0610;
				ORGANIZATIONNAME = "Rachel Thomas";
				TargetAttributes = {
					3E3C7D521A93BCA70099FCCB = {
						CreatedOnToolsVersion = 6.1.1;
					};
					3E3C7D671A93BCA70099FCCB = {
						CreatedOnToolsVersion = 6.1.1;
						TestTargetID = 3E3C7D521A93BCA70099FCCB;
					};
				};
			};
			buildConfigurationList = 3E3C7D4E1A93BCA70099FCCB /* Build configuration list for PBXProject "Twitter-App" */;
			compatibilityVersion = "Xcode 3.2";
			developmentRegion = English;
			hasScannedForEncodings = 0;
			knownRegions = (
				en,
				Base,
			);
			mainGroup = 3E3C7D4A1A93BCA70099FCCB;
			productRefGroup = 3E3C7D541A93BCA70099FCCB /* Products */;
			projectDirPath = "";
			projectRoot = "";
			targets = (
				3E3C7D521A93BCA70099FCCB /* Twitter-App */,
				3E3C7D671A93BCA70099FCCB /* Twitter-AppTests */,
			);
		};
/* End PBXProject section */

/* Begin PBXResourcesBuildPhase section */
		3E3C7D511A93BCA70099FCCB /* Resources */ = {
			isa = PBXResourcesBuildPhase;
			buildActionMask = 2147483647;
			files = (
				3E5242641A9A92B90038BCF5 /* reply.png in Resources */,
				3E5242651A9A92B90038BCF5 /* favorite_on.png in Resources */,
				3E3C7D5E1A93BCA70099FCCB /* Main.storyboard in Resources */,
				3E42F96E1A96B01B00740C90 /* Timeline.storyboard in Resources */,
				3E3C7D631A93BCA70099FCCB /* LaunchScreen.xib in Resources */,
				3E5242671A9A92B90038BCF5 /* favorite.png in Resources */,
				3E3C7D601A93BCA70099FCCB /* Images.xcassets in Resources */,
				3E5242691A9A92C70038BCF5 /* retweet_hover.png in Resources */,
				3E52426B1A9AC8FF0038BCF5 /* Compose.storyboard in Resources */,
				3E5242661A9A92B90038BCF5 /* favorite_hover.png in Resources */,
				3E5242621A9A92B90038BCF5 /* retweet.png in Resources */,
				3E5242611A9A92B90038BCF5 /* retweet_on.png in Resources */,
				3E5242631A9A92B90038BCF5 /* reply_hover.png in Resources */,
			);
			runOnlyForDeploymentPostprocessing = 0;
		};
		3E3C7D661A93BCA70099FCCB /* Resources */ = {
			isa = PBXResourcesBuildPhase;
			buildActionMask = 2147483647;
			files = (
			);
			runOnlyForDeploymentPostprocessing = 0;
		};
/* End PBXResourcesBuildPhase section */

/* Begin PBXShellScriptBuildPhase section */
		00418B85C60DAC1C9AC6F805 /* Check Pods Manifest.lock */ = {
			isa = PBXShellScriptBuildPhase;
			buildActionMask = 2147483647;
			files = (
			);
			inputPaths = (
			);
			name = "Check Pods Manifest.lock";
			outputPaths = (
			);
			runOnlyForDeploymentPostprocessing = 0;
			shellPath = /bin/sh;
			shellScript = "diff \"${PODS_ROOT}/../Podfile.lock\" \"${PODS_ROOT}/Manifest.lock\" > /dev/null\nif [[ $? != 0 ]] ; then\n    cat << EOM\nerror: The sandbox is not in sync with the Podfile.lock. Run 'pod install' or update your CocoaPods installation.\nEOM\n    exit 1\nfi\n";
			showEnvVarsInLog = 0;
		};
		6DEED1FC29B38645430411A7 /* Copy Pods Resources */ = {
			isa = PBXShellScriptBuildPhase;
			buildActionMask = 2147483647;
			files = (
			);
			inputPaths = (
			);
			name = "Copy Pods Resources";
			outputPaths = (
			);
			runOnlyForDeploymentPostprocessing = 0;
			shellPath = /bin/sh;
			shellScript = "\"${SRCROOT}/Pods/Target Support Files/Pods/Pods-resources.sh\"\n";
			showEnvVarsInLog = 0;
		};
/* End PBXShellScriptBuildPhase section */

/* Begin PBXSourcesBuildPhase section */
		3E3C7D4F1A93BCA70099FCCB /* Sources */ = {
			isa = PBXSourcesBuildPhase;
			buildActionMask = 2147483647;
			files = (
				3E3C7D7D1A9515270099FCCB /* TwitterClient.swift in Sources */,
				3E8E5E181A98472900FD9E49 /* GlobalConstants.swift in Sources */,
				3E3C7D7A1A9513CF0099FCCB /* dummy.m in Sources */,
				3E3C7D5B1A93BCA70099FCCB /* ViewController.swift in Sources */,
				3E8E5E161A983A0B00FD9E49 /* TweetCell.swift in Sources */,
				3E3C7D821A965FC90099FCCB /* Tweet.swift in Sources */,
				3E52426D1A9ACB5D0038BCF5 /* ComposerViewController.swift in Sources */,
				3E8E5E111A97F7D500FD9E49 /* TimelineViewController.swift in Sources */,
				3E3C7D801A965FB90099FCCB /* User.swift in Sources */,
				3E3C7D591A93BCA70099FCCB /* AppDelegate.swift in Sources */,
			);
			runOnlyForDeploymentPostprocessing = 0;
		};
		3E3C7D641A93BCA70099FCCB /* Sources */ = {
			isa = PBXSourcesBuildPhase;
			buildActionMask = 2147483647;
			files = (
				3E3C7D6F1A93BCA70099FCCB /* Twitter_AppTests.swift in Sources */,
			);
			runOnlyForDeploymentPostprocessing = 0;
		};
/* End PBXSourcesBuildPhase section */

/* Begin PBXTargetDependency section */
		3E3C7D6A1A93BCA70099FCCB /* PBXTargetDependency */ = {
			isa = PBXTargetDependency;
			target = 3E3C7D521A93BCA70099FCCB /* Twitter-App */;
			targetProxy = 3E3C7D691A93BCA70099FCCB /* PBXContainerItemProxy */;
		};
/* End PBXTargetDependency section */

/* Begin PBXVariantGroup section */
		3E3C7D5C1A93BCA70099FCCB /* Main.storyboard */ = {
			isa = PBXVariantGroup;
			children = (
				3E3C7D5D1A93BCA70099FCCB /* Base */,
			);
			name = Main.storyboard;
			sourceTree = "<group>";
		};
		3E3C7D611A93BCA70099FCCB /* LaunchScreen.xib */ = {
			isa = PBXVariantGroup;
			children = (
				3E3C7D621A93BCA70099FCCB /* Base */,
			);
			name = LaunchScreen.xib;
			sourceTree = "<group>";
		};
/* End PBXVariantGroup section */

/* Begin XCBuildConfiguration section */
		3E3C7D701A93BCA70099FCCB /* Debug */ = {
			isa = XCBuildConfiguration;
			buildSettings = {
				ALWAYS_SEARCH_USER_PATHS = NO;
				CLANG_CXX_LANGUAGE_STANDARD = "gnu++0x";
				CLANG_CXX_LIBRARY = "libc++";
				CLANG_ENABLE_MODULES = YES;
				CLANG_ENABLE_OBJC_ARC = YES;
				CLANG_WARN_BOOL_CONVERSION = YES;
				CLANG_WARN_CONSTANT_CONVERSION = YES;
				CLANG_WARN_DIRECT_OBJC_ISA_USAGE = YES_ERROR;
				CLANG_WARN_EMPTY_BODY = YES;
				CLANG_WARN_ENUM_CONVERSION = YES;
				CLANG_WARN_INT_CONVERSION = YES;
				CLANG_WARN_OBJC_ROOT_CLASS = YES_ERROR;
				CLANG_WARN_UNREACHABLE_CODE = YES;
				CLANG_WARN__DUPLICATE_METHOD_MATCH = YES;
				"CODE_SIGN_IDENTITY[sdk=iphoneos*]" = "iPhone Developer";
				COPY_PHASE_STRIP = NO;
				ENABLE_STRICT_OBJC_MSGSEND = YES;
				GCC_C_LANGUAGE_STANDARD = gnu99;
				GCC_DYNAMIC_NO_PIC = NO;
				GCC_OPTIMIZATION_LEVEL = 0;
				GCC_PREPROCESSOR_DEFINITIONS = (
					"DEBUG=1",
					"$(inherited)",
				);
				GCC_SYMBOLS_PRIVATE_EXTERN = NO;
				GCC_WARN_64_TO_32_BIT_CONVERSION = YES;
				GCC_WARN_ABOUT_RETURN_TYPE = YES_ERROR;
				GCC_WARN_UNDECLARED_SELECTOR = YES;
				GCC_WARN_UNINITIALIZED_AUTOS = YES_AGGRESSIVE;
				GCC_WARN_UNUSED_FUNCTION = YES;
				GCC_WARN_UNUSED_VARIABLE = YES;
				IPHONEOS_DEPLOYMENT_TARGET = 8.1;
				MTL_ENABLE_DEBUG_INFO = YES;
				ONLY_ACTIVE_ARCH = YES;
				SDKROOT = iphoneos;
				SWIFT_OPTIMIZATION_LEVEL = "-Onone";
			};
			name = Debug;
		};
		3E3C7D711A93BCA70099FCCB /* Release */ = {
			isa = XCBuildConfiguration;
			buildSettings = {
				ALWAYS_SEARCH_USER_PATHS = NO;
				CLANG_CXX_LANGUAGE_STANDARD = "gnu++0x";
				CLANG_CXX_LIBRARY = "libc++";
				CLANG_ENABLE_MODULES = YES;
				CLANG_ENABLE_OBJC_ARC = YES;
				CLANG_WARN_BOOL_CONVERSION = YES;
				CLANG_WARN_CONSTANT_CONVERSION = YES;
				CLANG_WARN_DIRECT_OBJC_ISA_USAGE = YES_ERROR;
				CLANG_WARN_EMPTY_BODY = YES;
				CLANG_WARN_ENUM_CONVERSION = YES;
				CLANG_WARN_INT_CONVERSION = YES;
				CLANG_WARN_OBJC_ROOT_CLASS = YES_ERROR;
				CLANG_WARN_UNREACHABLE_CODE = YES;
				CLANG_WARN__DUPLICATE_METHOD_MATCH = YES;
				"CODE_SIGN_IDENTITY[sdk=iphoneos*]" = "iPhone Developer";
				COPY_PHASE_STRIP = YES;
				ENABLE_NS_ASSERTIONS = NO;
				ENABLE_STRICT_OBJC_MSGSEND = YES;
				GCC_C_LANGUAGE_STANDARD = gnu99;
				GCC_WARN_64_TO_32_BIT_CONVERSION = YES;
				GCC_WARN_ABOUT_RETURN_TYPE = YES_ERROR;
				GCC_WARN_UNDECLARED_SELECTOR = YES;
				GCC_WARN_UNINITIALIZED_AUTOS = YES_AGGRESSIVE;
				GCC_WARN_UNUSED_FUNCTION = YES;
				GCC_WARN_UNUSED_VARIABLE = YES;
				IPHONEOS_DEPLOYMENT_TARGET = 8.1;
				MTL_ENABLE_DEBUG_INFO = NO;
				SDKROOT = iphoneos;
				VALIDATE_PRODUCT = YES;
			};
			name = Release;
		};
		3E3C7D731A93BCA70099FCCB /* Debug */ = {
			isa = XCBuildConfiguration;
			baseConfigurationReference = 0777868D1CDC03E9A2953938 /* Pods.debug.xcconfig */;
			buildSettings = {
				ASSETCATALOG_COMPILER_APPICON_NAME = AppIcon;
				CLANG_ENABLE_MODULES = YES;
				INFOPLIST_FILE = "Twitter-App/Info.plist";
				LD_RUNPATH_SEARCH_PATHS = "$(inherited) @executable_path/Frameworks";
				PRODUCT_NAME = "$(TARGET_NAME)";
				SWIFT_OBJC_BRIDGING_HEADER = "Twitter-App/Twitter-App-Bridging-Header.h";
				SWIFT_OPTIMIZATION_LEVEL = "-Onone";
				TARGETED_DEVICE_FAMILY = 1;
			};
			name = Debug;
		};
		3E3C7D741A93BCA70099FCCB /* Release */ = {
			isa = XCBuildConfiguration;
			baseConfigurationReference = E3CA66A457163894CB7FE563 /* Pods.release.xcconfig */;
			buildSettings = {
				ASSETCATALOG_COMPILER_APPICON_NAME = AppIcon;
				CLANG_ENABLE_MODULES = YES;
				INFOPLIST_FILE = "Twitter-App/Info.plist";
				LD_RUNPATH_SEARCH_PATHS = "$(inherited) @executable_path/Frameworks";
				PRODUCT_NAME = "$(TARGET_NAME)";
				SWIFT_OBJC_BRIDGING_HEADER = "Twitter-App/Twitter-App-Bridging-Header.h";
				TARGETED_DEVICE_FAMILY = 1;
			};
			name = Release;
		};
		3E3C7D761A93BCA70099FCCB /* Debug */ = {
			isa = XCBuildConfiguration;
			buildSettings = {
				BUNDLE_LOADER = "$(TEST_HOST)";
				FRAMEWORK_SEARCH_PATHS = (
					"$(SDKROOT)/Developer/Library/Frameworks",
					"$(inherited)",
				);
				GCC_PREPROCESSOR_DEFINITIONS = (
					"DEBUG=1",
					"$(inherited)",
				);
				INFOPLIST_FILE = "Twitter-AppTests/Info.plist";
				LD_RUNPATH_SEARCH_PATHS = "$(inherited) @executable_path/Frameworks @loader_path/Frameworks";
				PRODUCT_NAME = "$(TARGET_NAME)";
				TEST_HOST = "$(BUILT_PRODUCTS_DIR)/Twitter-App.app/Twitter-App";
			};
			name = Debug;
		};
		3E3C7D771A93BCA70099FCCB /* Release */ = {
			isa = XCBuildConfiguration;
			buildSettings = {
				BUNDLE_LOADER = "$(TEST_HOST)";
				FRAMEWORK_SEARCH_PATHS = (
					"$(SDKROOT)/Developer/Library/Frameworks",
					"$(inherited)",
				);
				INFOPLIST_FILE = "Twitter-AppTests/Info.plist";
				LD_RUNPATH_SEARCH_PATHS = "$(inherited) @executable_path/Frameworks @loader_path/Frameworks";
				PRODUCT_NAME = "$(TARGET_NAME)";
				TEST_HOST = "$(BUILT_PRODUCTS_DIR)/Twitter-App.app/Twitter-App";
			};
			name = Release;
		};
/* End XCBuildConfiguration section */

/* Begin XCConfigurationList section */
		3E3C7D4E1A93BCA70099FCCB /* Build configuration list for PBXProject "Twitter-App" */ = {
			isa = XCConfigurationList;
			buildConfigurations = (
				3E3C7D701A93BCA70099FCCB /* Debug */,
				3E3C7D711A93BCA70099FCCB /* Release */,
			);
			defaultConfigurationIsVisible = 0;
			defaultConfigurationName = Release;
		};
		3E3C7D721A93BCA70099FCCB /* Build configuration list for PBXNativeTarget "Twitter-App" */ = {
			isa = XCConfigurationList;
			buildConfigurations = (
				3E3C7D731A93BCA70099FCCB /* Debug */,
				3E3C7D741A93BCA70099FCCB /* Release */,
			);
			defaultConfigurationIsVisible = 0;
			defaultConfigurationName = Release;
		};
		3E3C7D751A93BCA70099FCCB /* Build configuration list for PBXNativeTarget "Twitter-AppTests" */ = {
			isa = XCConfigurationList;
			buildConfigurations = (
				3E3C7D761A93BCA70099FCCB /* Debug */,
				3E3C7D771A93BCA70099FCCB /* Release */,
			);
			defaultConfigurationIsVisible = 0;
			defaultConfigurationName = Release;
		};
/* End XCConfigurationList section */
	};
	rootObject = 3E3C7D4B1A93BCA70099FCCB /* Project object */;
}
